
Microsoft Visual Studio Solution File, Format Version 12.00
# Visual Studio Version 17
VisualStudioVersion = 17.13.35806.99 d17.13
MinimumVisualStudioVersion = 10.0.40219.1
Project("{FAE04EC0-301F-11D3-BF4B-00C04F79EFBC}") = "EMarket", "EMarket\EMarket.csproj", "{C0675137-0AA4-4DFA-B2A0-DF9A07EFFE4C}"
EndProject
Global
	GlobalSection(SolutionConfigurationPlatforms) = preSolution
		Debug|Any CPU = Debug|Any CPU
		Release|Any CPU = Release|Any CPU
	EndGlobalSection
	GlobalSection(ProjectConfigurationPlatforms) = postSolution
		{C0675137-0AA4-4DFA-B2A0-DF9A07EFFE4C}.Debug|Any CPU.ActiveCfg = Debug|Any CPU
		{C0675137-0AA4-4DFA-B2A0-DF9A07EFFE4C}.Debug|Any CPU.Build.0 = Debug|Any CPU
		{C0675137-0AA4-4DFA-B2A0-DF9A07EFFE4C}.Release|Any CPU.ActiveCfg = Release|Any CPU
		{C0675137-0AA4-4DFA-B2A0-DF9A07EFFE4C}.Release|Any CPU.Build.0 = Release|Any CPU
	EndGlobalSection
	GlobalSection(SolutionProperties) = preSolution
		HideSolutionNode = FALSE
	EndGlobalSection
	GlobalSection(ExtensibilityGlobals) = postSolution
		SolutionGuid = {56C98139-49DE-4AF6-A31C-A9D4FF60E067}
	EndGlobalSection
EndGlobal
